
Microsoft Visual Studio Solution File, Format Version 12.00
# Visual Studio Version 16
VisualStudioVersion = 16.0.31105.61
MinimumVisualStudioVersion = 10.0.40219.1
Project("{FAE04EC0-301F-11D3-BF4B-00C04F79EFBC}") = "WpfCalculatorApp", "WpfCalculatorApp\WpfCalculatorApp.csproj", "{4A38BA95-4591-435B-A0EF-4CDFEE2E338D}"
EndProject
Global
	GlobalSection(SolutionConfigurationPlatforms) = preSolution
		Debug|Any CPU = Debug|Any CPU
		Release|Any CPU = Release|Any CPU
	EndGlobalSection
	GlobalSection(ProjectConfigurationPlatforms) = postSolution
		{4A38BA95-4591-435B-A0EF-4CDFEE2E338D}.Debug|Any CPU.ActiveCfg = Debug|Any CPU
		{4A38BA95-4591-435B-A0EF-4CDFEE2E338D}.Debug|Any CPU.Build.0 = Debug|Any CPU
		{4A38BA95-4591-435B-A0EF-4CDFEE2E338D}.Release|Any CPU.ActiveCfg = Release|Any CPU
		{4A38BA95-4591-435B-A0EF-4CDFEE2E338D}.Release|Any CPU.Build.0 = Release|Any CPU
	EndGlobalSection
	GlobalSection(SolutionProperties) = preSolution
		HideSolutionNode = FALSE
	EndGlobalSection
	GlobalSection(ExtensibilityGlobals) = postSolution
		SolutionGuid = {D90B79D5-3AB8-4223-A5F7-0EDA789B4CE5}
	EndGlobalSection
EndGlobal
